
Microsoft Visual Studio Solution File, Format Version 12.00
# Visual Studio Version 17
VisualStudioVersion = 17.8.34408.163
MinimumVisualStudioVersion = 10.0.40219.1
Project("{FAE04EC0-301F-11D3-BF4B-00C04F79EFBC}") = "DomainDrivenDesign.Domain", "DomainDrivenDesign.Domain\DomainDrivenDesign.Domain.csproj", "{654C49C8-D66A-4EDC-8E2C-A8ED190F0C09}"
EndProject
Global
	GlobalSection(SolutionConfigurationPlatforms) = preSolution
		Debug|Any CPU = Debug|Any CPU
		Release|Any CPU = Release|Any CPU
	EndGlobalSection
	GlobalSection(ProjectConfigurationPlatforms) = postSolution
		{654C49C8-D66A-4EDC-8E2C-A8ED190F0C09}.Debug|Any CPU.ActiveCfg = Debug|Any CPU
		{654C49C8-D66A-4EDC-8E2C-A8ED190F0C09}.Debug|Any CPU.Build.0 = Debug|Any CPU
		{654C49C8-D66A-4EDC-8E2C-A8ED190F0C09}.Release|Any CPU.ActiveCfg = Release|Any CPU
		{654C49C8-D66A-4EDC-8E2C-A8ED190F0C09}.Release|Any CPU.Build.0 = Release|Any CPU
	EndGlobalSection
	GlobalSection(SolutionProperties) = preSolution
		HideSolutionNode = FALSE
	EndGlobalSection
	GlobalSection(ExtensibilityGlobals) = postSolution
		SolutionGuid = {76E020E7-5F86-4F13-B340-C7E30E2C39CA}
	EndGlobalSection
EndGlobal
